{
  "name": "syncpad",
  "version": "0.3.0",
  "lockfileVersion": 1,
  "requires": true,
  "dependencies": {
    "monaco-editor": {
      "version": "0.16.0",
      "resolved": "https://registry.npmjs.org/monaco-editor/-/monaco-editor-0.16.0.tgz",
      "integrity": "sha512-a0ZksW1C5gTXOOJR/guKwzYrLJkJtMqzPb/W81YFSFHwbZ/ecVWdNguUkuyUuchzeKJRwqcizgVx++G9wmfofQ=="
    }
  }
}
